
Microsoft Visual Studio Solution File, Format Version 12.00
# Visual Studio Version 17
VisualStudioVersion = 17.14.36310.24
MinimumVisualStudioVersion = 10.0.40219.1
Project("{FAE04EC0-301F-11D3-BF4B-00C04F79EFBC}") = "TaskManagement.API", "TaskManagement\TaskManagement.API.csproj", "{5CB05338-3B04-4426-8C31-5F7CFD9741DF}"
EndProject
Project("{2150E333-8FDC-42A3-9474-1A3956D46DE8}") = "API", "API", "{02EA681E-C7D8-13C7-8484-4AC65E1B71E8}"
EndProject
Project("{2150E333-8FDC-42A3-9474-1A3956D46DE8}") = "Test", "Test", "{C8CB12F5-A4E8-4A7D-BBCC-5BD6FD9A1999}"
EndProject
Project("{2150E333-8FDC-42A3-9474-1A3956D46DE8}") = "Core", "Core", "{ED84E8C4-E3BB-45A8-A56D-83DC1C063184}"
EndProject
Project("{2150E333-8FDC-42A3-9474-1A3956D46DE8}") = "Infrastructure", "Infrastructure", "{175FC46D-5328-423D-B748-7EFF10874795}"
EndProject
Project("{FAE04EC0-301F-11D3-BF4B-00C04F79EFBC}") = "TaskManagement.Domain", "TaskManagement.Domain\TaskManagement.Domain.csproj", "{24618DA1-EB98-4E73-957C-27FC26E9AF55}"
EndProject
Project("{FAE04EC0-301F-11D3-BF4B-00C04F79EFBC}") = "TaskManagement.Infrastructure", "TaskManagement.Infrastructure\TaskManagement.Infrastructure.csproj", "{458B4C5B-3D16-496F-9E91-4E25C89C01E1}"
EndProject
Project("{FAE04EC0-301F-11D3-BF4B-00C04F79EFBC}") = "TaskManagement.Persistence", "TaskManagement.Persistence\TaskManagement.Persistence.csproj", "{A760B51A-84DA-431B-B4D5-3F7ED2F03165}"
EndProject
Global
	GlobalSection(SolutionConfigurationPlatforms) = preSolution
		Debug|Any CPU = Debug|Any CPU
		Release|Any CPU = Release|Any CPU
	EndGlobalSection
	GlobalSection(ProjectConfigurationPlatforms) = postSolution
		{5CB05338-3B04-4426-8C31-5F7CFD9741DF}.Debug|Any CPU.ActiveCfg = Debug|Any CPU
		{5CB05338-3B04-4426-8C31-5F7CFD9741DF}.Debug|Any CPU.Build.0 = Debug|Any CPU
		{5CB05338-3B04-4426-8C31-5F7CFD9741DF}.Release|Any CPU.ActiveCfg = Release|Any CPU
		{5CB05338-3B04-4426-8C31-5F7CFD9741DF}.Release|Any CPU.Build.0 = Release|Any CPU
		{24618DA1-EB98-4E73-957C-27FC26E9AF55}.Debug|Any CPU.ActiveCfg = Debug|Any CPU
		{24618DA1-EB98-4E73-957C-27FC26E9AF55}.Debug|Any CPU.Build.0 = Debug|Any CPU
		{24618DA1-EB98-4E73-957C-27FC26E9AF55}.Release|Any CPU.ActiveCfg = Release|Any CPU
		{24618DA1-EB98-4E73-957C-27FC26E9AF55}.Release|Any CPU.Build.0 = Release|Any CPU
		{458B4C5B-3D16-496F-9E91-4E25C89C01E1}.Debug|Any CPU.ActiveCfg = Debug|Any CPU
		{458B4C5B-3D16-496F-9E91-4E25C89C01E1}.Debug|Any CPU.Build.0 = Debug|Any CPU
		{458B4C5B-3D16-496F-9E91-4E25C89C01E1}.Release|Any CPU.ActiveCfg = Release|Any CPU
		{458B4C5B-3D16-496F-9E91-4E25C89C01E1}.Release|Any CPU.Build.0 = Release|Any CPU
		{A760B51A-84DA-431B-B4D5-3F7ED2F03165}.Debug|Any CPU.ActiveCfg = Debug|Any CPU
		{A760B51A-84DA-431B-B4D5-3F7ED2F03165}.Debug|Any CPU.Build.0 = Debug|Any CPU
		{A760B51A-84DA-431B-B4D5-3F7ED2F03165}.Release|Any CPU.ActiveCfg = Release|Any CPU
		{A760B51A-84DA-431B-B4D5-3F7ED2F03165}.Release|Any CPU.Build.0 = Release|Any CPU
	EndGlobalSection
	GlobalSection(SolutionProperties) = preSolution
		HideSolutionNode = FALSE
	EndGlobalSection
	GlobalSection(NestedProjects) = preSolution
		{5CB05338-3B04-4426-8C31-5F7CFD9741DF} = {02EA681E-C7D8-13C7-8484-4AC65E1B71E8}
		{24618DA1-EB98-4E73-957C-27FC26E9AF55} = {ED84E8C4-E3BB-45A8-A56D-83DC1C063184}
		{458B4C5B-3D16-496F-9E91-4E25C89C01E1} = {175FC46D-5328-423D-B748-7EFF10874795}
		{A760B51A-84DA-431B-B4D5-3F7ED2F03165} = {175FC46D-5328-423D-B748-7EFF10874795}
	EndGlobalSection
	GlobalSection(ExtensibilityGlobals) = postSolution
		SolutionGuid = {36B17412-3CD4-4B37-92E6-78E90DFDEC3D}
	EndGlobalSection
EndGlobal
